
Microsoft Visual Studio Solution File, Format Version 12.00
# Visual Studio Version 17
VisualStudioVersion = 17.12.35707.178
MinimumVisualStudioVersion = 10.0.40219.1
Project("{FAE04EC0-301F-11D3-BF4B-00C04F79EFBC}") = "section 2", "section 2\section 2.csproj", "{04D1AE5E-9B02-4A23-BD89-08E220D5B056}"
EndProject
Project("{FAE04EC0-301F-11D3-BF4B-00C04F79EFBC}") = "Assignment", "Assignment\Assignment.csproj", "{5B79C276-6CF8-4586-8662-D28B7BB55C8E}"
EndProject
Global
	GlobalSection(SolutionConfigurationPlatforms) = preSolution
		Debug|Any CPU = Debug|Any CPU
		Release|Any CPU = Release|Any CPU
	EndGlobalSection
	GlobalSection(ProjectConfigurationPlatforms) = postSolution
		{04D1AE5E-9B02-4A23-BD89-08E220D5B056}.Debug|Any CPU.ActiveCfg = Debug|Any CPU
		{04D1AE5E-9B02-4A23-BD89-08E220D5B056}.Debug|Any CPU.Build.0 = Debug|Any CPU
		{04D1AE5E-9B02-4A23-BD89-08E220D5B056}.Release|Any CPU.ActiveCfg = Release|Any CPU
		{04D1AE5E-9B02-4A23-BD89-08E220D5B056}.Release|Any CPU.Build.0 = Release|Any CPU
		{5B79C276-6CF8-4586-8662-D28B7BB55C8E}.Debug|Any CPU.ActiveCfg = Debug|Any CPU
		{5B79C276-6CF8-4586-8662-D28B7BB55C8E}.Debug|Any CPU.Build.0 = Debug|Any CPU
		{5B79C276-6CF8-4586-8662-D28B7BB55C8E}.Release|Any CPU.ActiveCfg = Release|Any CPU
		{5B79C276-6CF8-4586-8662-D28B7BB55C8E}.Release|Any CPU.Build.0 = Release|Any CPU
	EndGlobalSection
	GlobalSection(SolutionProperties) = preSolution
		HideSolutionNode = FALSE
	EndGlobalSection
EndGlobal
